// !$*UTF8*$!
{
	archiveVersion = 1;
	classes = {
	};
	objectVersion = 50;
	objects = {

/* Begin PBXBuildFile section */
		A77A9295262EA917004B289F /* Kwarchart_ExampleApp.swift in Sources */ = {isa = PBXBuildFile; fileRef = A77A9294262EA917004B289F /* Kwarchart_ExampleApp.swift */; };
		A77A9297262EA917004B289F /* ContentView.swift in Sources */ = {isa = PBXBuildFile; fileRef = A77A9296262EA917004B289F /* ContentView.swift */; };
		A77A9299262EA919004B289F /* Assets.xcassets in Resources */ = {isa = PBXBuildFile; fileRef = A77A9298262EA919004B289F /* Assets.xcassets */; };
		A77A929C262EA919004B289F /* Preview Assets.xcassets in Resources */ = {isa = PBXBuildFile; fileRef = A77A929B262EA919004B289F /* Preview Assets.xcassets */; };
		A77A92A7262EA91A004B289F /* Kwarchart_ExampleTests.swift in Sources */ = {isa = PBXBuildFile; fileRef = A77A92A6262EA91A004B289F /* Kwarchart_ExampleTests.swift */; };
		A77A92B2262EA91A004B289F /* Kwarchart_ExampleUITests.swift in Sources */ = {isa = PBXBuildFile; fileRef = A77A92B1262EA91A004B289F /* Kwarchart_ExampleUITests.swift */; };
/* End PBXBuildFile section */

/* Begin PBXContainerItemProxy section */
		A77A92A3262EA91A004B289F /* PBXContainerItemProxy */ = {
			isa = PBXContainerItemProxy;
			containerPortal = A77A9289262EA917004B289F /* Project object */;
			proxyType = 1;
			remoteGlobalIDString = A77A9290262EA917004B289F;
			remoteInfo = "Kwarchart-Example";
		};
		A77A92AE262EA91A004B289F /* PBXContainerItemProxy */ = {
			isa = PBXContainerItemProxy;
			containerPortal = A77A9289262EA917004B289F /* Project object */;
			proxyType = 1;
			remoteGlobalIDString = A77A9290262EA917004B289F;
			remoteInfo = "Kwarchart-Example";
		};
/* End PBXContainerItemProxy section */

/* Begin PBXFileReference section */
		A77A9291262EA917004B289F /* Kwarchart-Example.app */ = {isa = PBXFileReference; explicitFileType = wrapper.application; includeInIndex = 0; path = "Kwarchart-Example.app"; sourceTree = BUILT_PRODUCTS_DIR; };
		A77A9294262EA917004B289F /* Kwarchart_ExampleApp.swift */ = {isa = PBXFileReference; lastKnownFileType = sourcecode.swift; path = Kwarchart_ExampleApp.swift; sourceTree = "<group>"; };
		A77A9296262EA917004B289F /* ContentView.swift */ = {isa = PBXFileReference; lastKnownFileType = sourcecode.swift; path = ContentView.swift; sourceTree = "<group>"; };
		A77A9298262EA919004B289F /* Assets.xcassets */ = {isa = PBXFileReference; lastKnownFileType = folder.assetcatalog; path = Assets.xcassets; sourceTree = "<group>"; };
		A77A929B262EA919004B289F /* Preview Assets.xcassets */ = {isa = PBXFileReference; lastKnownFileType = folder.assetcatalog; path = "Preview Assets.xcassets"; sourceTree = "<group>"; };
		A77A929D262EA919004B289F /* Info.plist */ = {isa = PBXFileReference; lastKnownFileType = text.plist.xml; path = Info.plist; sourceTree = "<group>"; };
		A77A92A2262EA91A004B289F /* Kwarchart-ExampleTests.xctest */ = {isa = PBXFileReference; explicitFileType = wrapper.cfbundle; includeInIndex = 0; path = "Kwarchart-ExampleTests.xctest"; sourceTree = BUILT_PRODUCTS_DIR; };
		A77A92A6262EA91A004B289F /* Kwarchart_ExampleTests.swift */ = {isa = PBXFileReference; lastKnownFileType = sourcecode.swift; path = Kwarchart_ExampleTests.swift; sourceTree = "<group>"; };
		A77A92A8262EA91A004B289F /* Info.plist */ = {isa = PBXFileReference; lastKnownFileType = text.plist.xml; path = Info.plist; sourceTree = "<group>"; };
		A77A92AD262EA91A004B289F /* Kwarchart-ExampleUITests.xctest */ = {isa = PBXFileReference; explicitFileType = wrapper.cfbundle; includeInIndex = 0; path = "Kwarchart-ExampleUITests.xctest"; sourceTree = BUILT_PRODUCTS_DIR; };
		A77A92B1262EA91A004B289F /* Kwarchart_ExampleUITests.swift */ = {isa = PBXFileReference; lastKnownFileType = sourcecode.swift; path = Kwarchart_ExampleUITests.swift; sourceTree = "<group>"; };
		A77A92B3262EA91A004B289F /* Info.plist */ = {isa = PBXFileReference; lastKnownFileType = text.plist.xml; path = Info.plist; sourceTree = "<group>"; };
/* End PBXFileReference section */

/* Begin PBXFrameworksBuildPhase section */
		A77A928E262EA917004B289F /* Frameworks */ = {
			isa = PBXFrameworksBuildPhase;
			buildActionMask = 2147483647;
			files = (
			);
			runOnlyForDeploymentPostprocessing = 0;
		};
		A77A929F262EA91A004B289F /* Frameworks */ = {
			isa = PBXFrameworksBuildPhase;
			buildActionMask = 2147483647;
			files = (
			);
			runOnlyForDeploymentPostprocessing = 0;
		};
		A77A92AA262EA91A004B289F /* Frameworks */ = {
			isa = PBXFrameworksBuildPhase;
			buildActionMask = 2147483647;
			files = (
			);
			runOnlyForDeploymentPostprocessing = 0;
		};
/* End PBXFrameworksBuildPhase section */

/* Begin PBXGroup section */
		A77A9288262EA917004B289F = {
			isa = PBXGroup;
			children = (
				A77A9293262EA917004B289F /* Kwarchart-Example */,
				A77A92A5262EA91A004B289F /* Kwarchart-ExampleTests */,
				A77A92B0262EA91A004B289F /* Kwarchart-ExampleUITests */,
				A77A9292262EA917004B289F /* Products */,
			);
			sourceTree = "<group>";
		};
		A77A9292262EA917004B289F /* Products */ = {
			isa = PBXGroup;
			children = (
				A77A9291262EA917004B289F /* Kwarchart-Example.app */,
				A77A92A2262EA91A004B289F /* Kwarchart-ExampleTests.xctest */,
				A77A92AD262EA91A004B289F /* Kwarchart-ExampleUITests.xctest */,
			);
			name = Products;
			sourceTree = "<group>";
		};
		A77A9293262EA917004B289F /* Kwarchart-Example */ = {
			isa = PBXGroup;
			children = (
				A77A9294262EA917004B289F /* Kwarchart_ExampleApp.swift */,
				A77A9296262EA917004B289F /* ContentView.swift */,
				A77A9298262EA919004B289F /* Assets.xcassets */,
				A77A929D262EA919004B289F /* Info.plist */,
				A77A929A262EA919004B289F /* Preview Content */,
			);
			path = "Kwarchart-Example";
			sourceTree = "<group>";
		};
		A77A929A262EA919004B289F /* Preview Content */ = {
			isa = PBXGroup;
			children = (
				A77A929B262EA919004B289F /* Preview Assets.xcassets */,
			);
			path = "Preview Content";
			sourceTree = "<group>";
		};
		A77A92A5262EA91A004B289F /* Kwarchart-ExampleTests */ = {
			isa = PBXGroup;
			children = (
				A77A92A6262EA91A004B289F /* Kwarchart_ExampleTests.swift */,
				A77A92A8262EA91A004B289F /* Info.plist */,
			);
			path = "Kwarchart-ExampleTests";
			sourceTree = "<group>";
		};
		A77A92B0262EA91A004B289F /* Kwarchart-ExampleUITests */ = {
			isa = PBXGroup;
			children = (
				A77A92B1262EA91A004B289F /* Kwarchart_ExampleUITests.swift */,
				A77A92B3262EA91A004B289F /* Info.plist */,
			);
			path = "Kwarchart-ExampleUITests";
			sourceTree = "<group>";
		};
/* End PBXGroup section */

/* Begin PBXNativeTarget section */
		A77A9290262EA917004B289F /* Kwarchart-Example */ = {
			isa = PBXNativeTarget;
			buildConfigurationList = A77A92B6262EA91A004B289F /* Build configuration list for PBXNativeTarget "Kwarchart-Example" */;
			buildPhases = (
				A77A928D262EA917004B289F /* Sources */,
				A77A928E262EA917004B289F /* Frameworks */,
				A77A928F262EA917004B289F /* Resources */,
			);
			buildRules = (
			);
			dependencies = (
			);
			name = "Kwarchart-Example";
			productName = "Kwarchart-Example";
			productReference = A77A9291262EA917004B289F /* Kwarchart-Example.app */;
			productType = "com.apple.product-type.application";
		};
		A77A92A1262EA91A004B289F /* Kwarchart-ExampleTests */ = {
			isa = PBXNativeTarget;
			buildConfigurationList = A77A92B9262EA91A004B289F /* Build configuration list for PBXNativeTarget "Kwarchart-ExampleTests" */;
			buildPhases = (
				A77A929E262EA91A004B289F /* Sources */,
				A77A929F262EA91A004B289F /* Frameworks */,
				A77A92A0262EA91A004B289F /* Resources */,
			);
			buildRules = (
			);
			dependencies = (
				A77A92A4262EA91A004B289F /* PBXTargetDependency */,
			);
			name = "Kwarchart-ExampleTests";
			productName = "Kwarchart-ExampleTests";
			productReference = A77A92A2262EA91A004B289F /* Kwarchart-ExampleTests.xctest */;
			productType = "com.apple.product-type.bundle.unit-test";
		};
		A77A92AC262EA91A004B289F /* Kwarchart-ExampleUITests */ = {
			isa = PBXNativeTarget;
			buildConfigurationList = A77A92BC262EA91A004B289F /* Build configuration list for PBXNativeTarget "Kwarchart-ExampleUITests" */;
			buildPhases = (
				A77A92A9262EA91A004B289F /* Sources */,
				A77A92AA262EA91A004B289F /* Frameworks */,
				A77A92AB262EA91A004B289F /* Resources */,
			);
			buildRules = (
			);
			dependencies = (
				A77A92AF262EA91A004B289F /* PBXTargetDependency */,
			);
			name = "Kwarchart-ExampleUITests";
			productName = "Kwarchart-ExampleUITests";
			productReference = A77A92AD262EA91A004B289F /* Kwarchart-ExampleUITests.xctest */;
			productType = "com.apple.product-type.bundle.ui-testing";
		};
/* End PBXNativeTarget section */

/* Begin PBXProject section */
		A77A9289262EA917004B289F /* Project object */ = {
			isa = PBXProject;
			attributes = {
				LastSwiftUpdateCheck = 1220;
				LastUpgradeCheck = 1220;
				TargetAttributes = {
					A77A9290262EA917004B289F = {
						CreatedOnToolsVersion = 12.2;
					};
					A77A92A1262EA91A004B289F = {
						CreatedOnToolsVersion = 12.2;
						TestTargetID = A77A9290262EA917004B289F;
					};
					A77A92AC262EA91A004B289F = {
						CreatedOnToolsVersion = 12.2;
						TestTargetID = A77A9290262EA917004B289F;
					};
				};
			};
			buildConfigurationList = A77A928C262EA917004B289F /* Build configuration list for PBXProject "Kwarchart-Example" */;
			compatibilityVersion = "Xcode 9.3";
			developmentRegion = en;
			hasScannedForEncodings = 0;
			knownRegions = (
				en,
				Base,
			);
			mainGroup = A77A9288262EA917004B289F;
			productRefGroup = A77A9292262EA917004B289F /* Products */;
			projectDirPath = "";
			projectRoot = "";
			targets = (
				A77A9290262EA917004B289F /* Kwarchart-Example */,
				A77A92A1262EA91A004B289F /* Kwarchart-ExampleTests */,
				A77A92AC262EA91A004B289F /* Kwarchart-ExampleUITests */,
			);
		};
/* End PBXProject section */

/* Begin PBXResourcesBuildPhase section */
		A77A928F262EA917004B289F /* Resources */ = {
			isa = PBXResourcesBuildPhase;
			buildActionMask = 2147483647;
			files = (
				A77A929C262EA919004B289F /* Preview Assets.xcassets in Resources */,
				A77A9299262EA919004B289F /* Assets.xcassets in Resources */,
			);
			runOnlyForDeploymentPostprocessing = 0;
		};
		A77A92A0262EA91A004B289F /* Resources */ = {
			isa = PBXResourcesBuildPhase;
			buildActionMask = 2147483647;
			files = (
			);
			runOnlyForDeploymentPostprocessing = 0;
		};
		A77A92AB262EA91A004B289F /* Resources */ = {
			isa = PBXResourcesBuildPhase;
			buildActionMask = 2147483647;
			files = (
			);
			runOnlyForDeploymentPostprocessing = 0;
		};
/* End PBXResourcesBuildPhase section */

/* Begin PBXSourcesBuildPhase section */
		A77A928D262EA917004B289F /* Sources */ = {
			isa = PBXSourcesBuildPhase;
			buildActionMask = 2147483647;
			files = (
				A77A9297262EA917004B289F /* ContentView.swift in Sources */,
				A77A9295262EA917004B289F /* Kwarchart_ExampleApp.swift in Sources */,
			);
			runOnlyForDeploymentPostprocessing = 0;
		};
		A77A929E262EA91A004B289F /* Sources */ = {
			isa = PBXSourcesBuildPhase;
			buildActionMask = 2147483647;
			files = (
				A77A92A7262EA91A004B289F /* Kwarchart_ExampleTests.swift in Sources */,
			);
			runOnlyForDeploymentPostprocessing = 0;
		};
		A77A92A9262EA91A004B289F /* Sources */ = {
			isa = PBXSourcesBuildPhase;
			buildActionMask = 2147483647;
			files = (
				A77A92B2262EA91A004B289F /* Kwarchart_ExampleUITests.swift in Sources */,
			);
			runOnlyForDeploymentPostprocessing = 0;
		};
/* End PBXSourcesBuildPhase section */

/* Begin PBXTargetDependency section */
		A77A92A4262EA91A004B289F /* PBXTargetDependency */ = {
			isa = PBXTargetDependency;
			target = A77A9290262EA917004B289F /* Kwarchart-Example */;
			targetProxy = A77A92A3262EA91A004B289F /* PBXContainerItemProxy */;
		};
		A77A92AF262EA91A004B289F /* PBXTargetDependency */ = {
			isa = PBXTargetDependency;
			target = A77A9290262EA917004B289F /* Kwarchart-Example */;
			targetProxy = A77A92AE262EA91A004B289F /* PBXContainerItemProxy */;
		};
/* End PBXTargetDependency section */

/* Begin XCBuildConfiguration section */
		A77A92B4262EA91A004B289F /* Debug */ = {
			isa = XCBuildConfiguration;
			buildSettings = {
				ALWAYS_SEARCH_USER_PATHS = NO;
				CLANG_ANALYZER_NONNULL = YES;
				CLANG_ANALYZER_NUMBER_OBJECT_CONVERSION = YES_AGGRESSIVE;
				CLANG_CXX_LANGUAGE_STANDARD = "gnu++14";
				CLANG_CXX_LIBRARY = "libc++";
				CLANG_ENABLE_MODULES = YES;
				CLANG_ENABLE_OBJC_ARC = YES;
				CLANG_ENABLE_OBJC_WEAK = YES;
				CLANG_WARN_BLOCK_CAPTURE_AUTORELEASING = YES;
				CLANG_WARN_BOOL_CONVERSION = YES;
				CLANG_WARN_COMMA = YES;
				CLANG_WARN_CONSTANT_CONVERSION = YES;
				CLANG_WARN_DEPRECATED_OBJC_IMPLEMENTATIONS = YES;
				CLANG_WARN_DIRECT_OBJC_ISA_USAGE = YES_ERROR;
				CLANG_WARN_DOCUMENTATION_COMMENTS = YES;
				CLANG_WARN_EMPTY_BODY = YES;
				CLANG_WARN_ENUM_CONVERSION = YES;
				CLANG_WARN_INFINITE_RECURSION = YES;
				CLANG_WARN_INT_CONVERSION = YES;
				CLANG_WARN_NON_LITERAL_NULL_CONVERSION = YES;
				CLANG_WARN_OBJC_IMPLICIT_RETAIN_SELF = YES;
				CLANG_WARN_OBJC_LITERAL_CONVERSION = YES;
				CLANG_WARN_OBJC_ROOT_CLASS = YES_ERROR;
				CLANG_WARN_QUOTED_INCLUDE_IN_FRAMEWORK_HEADER = YES;
				CLANG_WARN_RANGE_LOOP_ANALYSIS = YES;
				CLANG_WARN_STRICT_PROTOTYPES = YES;
				CLANG_WARN_SUSPICIOUS_MOVE = YES;
				CLANG_WARN_UNGUARDED_AVAILABILITY = YES_AGGRESSIVE;
				CLANG_WARN_UNREACHABLE_CODE = YES;
				CLANG_WARN__DUPLICATE_METHOD_MATCH = YES;
				COPY_PHASE_STRIP = NO;
				DEBUG_INFORMATION_FORMAT = dwarf;
				ENABLE_STRICT_OBJC_MSGSEND = YES;
				ENABLE_TESTABILITY = YES;
				GCC_C_LANGUAGE_STANDARD = gnu11;
				GCC_DYNAMIC_NO_PIC = NO;
				GCC_NO_COMMON_BLOCKS = YES;
				GCC_OPTIMIZATION_LEVEL = 0;
				GCC_PREPROCESSOR_DEFINITIONS = (
					"DEBUG=1",
					"$(inherited)",
				);
				GCC_WARN_64_TO_32_BIT_CONVERSION = YES;
				GCC_WARN_ABOUT_RETURN_TYPE = YES_ERROR;
				GCC_WARN_UNDECLARED_SELECTOR = YES;
				GCC_WARN_UNINITIALIZED_AUTOS = YES_AGGRESSIVE;
				GCC_WARN_UNUSED_FUNCTION = YES;
				GCC_WARN_UNUSED_VARIABLE = YES;
				IPHONEOS_DEPLOYMENT_TARGET = 14.2;
				MTL_ENABLE_DEBUG_INFO = INCLUDE_SOURCE;
				MTL_FAST_MATH = YES;
				ONLY_ACTIVE_ARCH = YES;
				SDKROOT = iphoneos;
				SWIFT_ACTIVE_COMPILATION_CONDITIONS = DEBUG;
				SWIFT_OPTIMIZATION_LEVEL = "-Onone";
			};
			name = Debug;
		};
		A77A92B5262EA91A004B289F /* Release */ = {
			isa = XCBuildConfiguration;
			buildSettings = {
				ALWAYS_SEARCH_USER_PATHS = NO;
				CLANG_ANALYZER_NONNULL = YES;
				CLANG_ANALYZER_NUMBER_OBJECT_CONVERSION = YES_AGGRESSIVE;
				CLANG_CXX_LANGUAGE_STANDARD = "gnu++14";
				CLANG_CXX_LIBRARY = "libc++";
				CLANG_ENABLE_MODULES = YES;
				CLANG_ENABLE_OBJC_ARC = YES;
				CLANG_ENABLE_OBJC_WEAK = YES;
				CLANG_WARN_BLOCK_CAPTURE_AUTORELEASING = YES;
				CLANG_WARN_BOOL_CONVERSION = YES;
				CLANG_WARN_COMMA = YES;
				CLANG_WARN_CONSTANT_CONVERSION = YES;
				CLANG_WARN_DEPRECATED_OBJC_IMPLEMENTATIONS = YES;
				CLANG_WARN_DIRECT_OBJC_ISA_USAGE = YES_ERROR;
				CLANG_WARN_DOCUMENTATION_COMMENTS = YES;
				CLANG_WARN_EMPTY_BODY = YES;
				CLANG_WARN_ENUM_CONVERSION = YES;
				CLANG_WARN_INFINITE_RECURSION = YES;
				CLANG_WARN_INT_CONVERSION = YES;
				CLANG_WARN_NON_LITERAL_NULL_CONVERSION = YES;
				CLANG_WARN_OBJC_IMPLICIT_RETAIN_SELF = YES;
				CLANG_WARN_OBJC_LITERAL_CONVERSION = YES;
				CLANG_WARN_OBJC_ROOT_CLASS = YES_ERROR;
				CLANG_WARN_QUOTED_INCLUDE_IN_FRAMEWORK_HEADER = YES;
				CLANG_WARN_RANGE_LOOP_ANALYSIS = YES;
				CLANG_WARN_STRICT_PROTOTYPES = YES;
				CLANG_WARN_SUSPICIOUS_MOVE = YES;
				CLANG_WARN_UNGUARDED_AVAILABILITY = YES_AGGRESSIVE;
				CLANG_WARN_UNREACHABLE_CODE = YES;
				CLANG_WARN__DUPLICATE_METHOD_MATCH = YES;
				COPY_PHASE_STRIP = NO;
				DEBUG_INFORMATION_FORMAT = "dwarf-with-dsym";
				ENABLE_NS_ASSERTIONS = NO;
				ENABLE_STRICT_OBJC_MSGSEND = YES;
				GCC_C_LANGUAGE_STANDARD = gnu11;
				GCC_NO_COMMON_BLOCKS = YES;
				GCC_WARN_64_TO_32_BIT_CONVERSION = YES;
				GCC_WARN_ABOUT_RETURN_TYPE = YES_ERROR;
				GCC_WARN_UNDECLARED_SELECTOR = YES;
				GCC_WARN_UNINITIALIZED_AUTOS = YES_AGGRESSIVE;
				GCC_WARN_UNUSED_FUNCTION = YES;
				GCC_WARN_UNUSED_VARIABLE = YES;
				IPHONEOS_DEPLOYMENT_TARGET = 14.2;
				MTL_ENABLE_DEBUG_INFO = NO;
				MTL_FAST_MATH = YES;
				SDKROOT = iphoneos;
				SWIFT_COMPILATION_MODE = wholemodule;
				SWIFT_OPTIMIZATION_LEVEL = "-O";
				VALIDATE_PRODUCT = YES;
			};
			name = Release;
		};
		A77A92B7262EA91A004B289F /* Debug */ = {
			isa = XCBuildConfiguration;
			buildSettings = {
				ASSETCATALOG_COMPILER_APPICON_NAME = AppIcon;
				ASSETCATALOG_COMPILER_GLOBAL_ACCENT_COLOR_NAME = AccentColor;
				CODE_SIGN_STYLE = Automatic;
				DEVELOPMENT_ASSET_PATHS = "\"Kwarchart-Example/Preview Content\"";
				DEVELOPMENT_TEAM = 4K63CNDGLU;
				ENABLE_PREVIEWS = YES;
				INFOPLIST_FILE = "Kwarchart-Example/Info.plist";
				IPHONEOS_DEPLOYMENT_TARGET = 14.0;
				LD_RUNPATH_SEARCH_PATHS = (
					"$(inherited)",
					"@executable_path/Frameworks",
				);
				PRODUCT_BUNDLE_IDENTIFIER = "com.ajcordova.Kwarchart-Example";
				PRODUCT_NAME = "$(TARGET_NAME)";
				SWIFT_VERSION = 5.0;
				TARGETED_DEVICE_FAMILY = "1,2";
			};
			name = Debug;
		};
		A77A92B8262EA91A004B289F /* Release */ = {
			isa = XCBuildConfiguration;
			buildSettings = {
				ASSETCATALOG_COMPILER_APPICON_NAME = AppIcon;
				ASSETCATALOG_COMPILER_GLOBAL_ACCENT_COLOR_NAME = AccentColor;
				CODE_SIGN_STYLE = Automatic;
				DEVELOPMENT_ASSET_PATHS = "\"Kwarchart-Example/Preview Content\"";
				DEVELOPMENT_TEAM = 4K63CNDGLU;
				ENABLE_PREVIEWS = YES;
				INFOPLIST_FILE = "Kwarchart-Example/Info.plist";
				IPHONEOS_DEPLOYMENT_TARGET = 14.0;
				LD_RUNPATH_SEARCH_PATHS = (
					"$(inherited)",
					"@executable_path/Frameworks",
				);
				PRODUCT_BUNDLE_IDENTIFIER = "com.ajcordova.Kwarchart-Example";
				PRODUCT_NAME = "$(TARGET_NAME)";
				SWIFT_VERSION = 5.0;
				TARGETED_DEVICE_FAMILY = "1,2";
			};
			name = Release;
		};
		A77A92BA262EA91A004B289F /* Debug */ = {
			isa = XCBuildConfiguration;
			buildSettings = {
				ALWAYS_EMBED_SWIFT_STANDARD_LIBRARIES = YES;
				BUNDLE_LOADER = "$(TEST_HOST)";
				CODE_SIGN_STYLE = Automatic;
				DEVELOPMENT_TEAM = 4K63CNDGLU;
				INFOPLIST_FILE = "Kwarchart-ExampleTests/Info.plist";
				IPHONEOS_DEPLOYMENT_TARGET = 14.0;
				LD_RUNPATH_SEARCH_PATHS = (
					"$(inherited)",
					"@executable_path/Frameworks",
					"@loader_path/Frameworks",
				);
				PRODUCT_BUNDLE_IDENTIFIER = "com.ajcordova.Kwarchart-ExampleTests";
				PRODUCT_NAME = "$(TARGET_NAME)";
				SWIFT_VERSION = 5.0;
				TARGETED_DEVICE_FAMILY = "1,2";
				TEST_HOST = "$(BUILT_PRODUCTS_DIR)/Kwarchart-Example.app/Kwarchart-Example";
			};
			name = Debug;
		};
		A77A92BB262EA91A004B289F /* Release */ = {
			isa = XCBuildConfiguration;
			buildSettings = {
				ALWAYS_EMBED_SWIFT_STANDARD_LIBRARIES = YES;
				BUNDLE_LOADER = "$(TEST_HOST)";
				CODE_SIGN_STYLE = Automatic;
				DEVELOPMENT_TEAM = 4K63CNDGLU;
				INFOPLIST_FILE = "Kwarchart-ExampleTests/Info.plist";
				IPHONEOS_DEPLOYMENT_TARGET = 14.0;
				LD_RUNPATH_SEARCH_PATHS = (
					"$(inherited)",
					"@executable_path/Frameworks",
					"@loader_path/Frameworks",
				);
				PRODUCT_BUNDLE_IDENTIFIER = "com.ajcordova.Kwarchart-ExampleTests";
				PRODUCT_NAME = "$(TARGET_NAME)";
				SWIFT_VERSION = 5.0;
				TARGETED_DEVICE_FAMILY = "1,2";
				TEST_HOST = "$(BUILT_PRODUCTS_DIR)/Kwarchart-Example.app/Kwarchart-Example";
			};
			name = Release;
		};
		A77A92BD262EA91A004B289F /* Debug */ = {
			isa = XCBuildConfiguration;
			buildSettings = {
				ALWAYS_EMBED_SWIFT_STANDARD_LIBRARIES = YES;
				CODE_SIGN_STYLE = Automatic;
				DEVELOPMENT_TEAM = 4K63CNDGLU;
				INFOPLIST_FILE = "Kwarchart-ExampleUITests/Info.plist";
				LD_RUNPATH_SEARCH_PATHS = (
					"$(inherited)",
					"@executable_path/Frameworks",
					"@loader_path/Frameworks",
				);
				PRODUCT_BUNDLE_IDENTIFIER = "com.ajcordova.Kwarchart-ExampleUITests";
				PRODUCT_NAME = "$(TARGET_NAME)";
				SWIFT_VERSION = 5.0;
				TARGETED_DEVICE_FAMILY = "1,2";
				TEST_TARGET_NAME = "Kwarchart-Example";
			};
			name = Debug;
		};
		A77A92BE262EA91A004B289F /* Release */ = {
			isa = XCBuildConfiguration;
			buildSettings = {
				ALWAYS_EMBED_SWIFT_STANDARD_LIBRARIES = YES;
				CODE_SIGN_STYLE = Automatic;
				DEVELOPMENT_TEAM = 4K63CNDGLU;
				INFOPLIST_FILE = "Kwarchart-ExampleUITests/Info.plist";
				LD_RUNPATH_SEARCH_PATHS = (
					"$(inherited)",
					"@executable_path/Frameworks",
					"@loader_path/Frameworks",
				);
				PRODUCT_BUNDLE_IDENTIFIER = "com.ajcordova.Kwarchart-ExampleUITests";
				PRODUCT_NAME = "$(TARGET_NAME)";
				SWIFT_VERSION = 5.0;
				TARGETED_DEVICE_FAMILY = "1,2";
				TEST_TARGET_NAME = "Kwarchart-Example";
			};
			name = Release;
		};
/* End XCBuildConfiguration section */

/* Begin XCConfigurationList section */
		A77A928C262EA917004B289F /* Build configuration list for PBXProject "Kwarchart-Example" */ = {
			isa = XCConfigurationList;
			buildConfigurations = (
				A77A92B4262EA91A004B289F /* Debug */,
				A77A92B5262EA91A004B289F /* Release */,
			);
			defaultConfigurationIsVisible = 0;
			defaultConfigurationName = Release;
		};
		A77A92B6262EA91A004B289F /* Build configuration list for PBXNativeTarget "Kwarchart-Example" */ = {
			isa = XCConfigurationList;
			buildConfigurations = (
				A77A92B7262EA91A004B289F /* Debug */,
				A77A92B8262EA91A004B289F /* Release */,
			);
			defaultConfigurationIsVisible = 0;
			defaultConfigurationName = Release;
		};
		A77A92B9262EA91A004B289F /* Build configuration list for PBXNativeTarget "Kwarchart-ExampleTests" */ = {
			isa = XCConfigurationList;
			buildConfigurations = (
				A77A92BA262EA91A004B289F /* Debug */,
				A77A92BB262EA91A004B289F /* Release */,
			);
			defaultConfigurationIsVisible = 0;
			defaultConfigurationName = Release;
		};
		A77A92BC262EA91A004B289F /* Build configuration list for PBXNativeTarget "Kwarchart-ExampleUITests" */ = {
			isa = XCConfigurationList;
			buildConfigurations = (
				A77A92BD262EA91A004B289F /* Debug */,
				A77A92BE262EA91A004B289F /* Release */,
			);
			defaultConfigurationIsVisible = 0;
			defaultConfigurationName = Release;
		};
/* End XCConfigurationList section */
	};
	rootObject = A77A9289262EA917004B289F /* Project object */;
}
